
Microsoft Visual Studio Solution File, Format Version 12.00
# Visual Studio Version 16
VisualStudioVersion = 16.0.32228.343
MinimumVisualStudioVersion = 10.0.40219.1
Project("{FAE04EC0-301F-11D3-BF4B-00C04F79EFBC}") = "Lesson13", "Lesson13\Lesson13.csproj", "{565FCD8F-5D2D-4C1C-8B81-75BBB9A32EE4}"
EndProject
Global
	GlobalSection(SolutionConfigurationPlatforms) = preSolution
		Debug|Any CPU = Debug|Any CPU
		Release|Any CPU = Release|Any CPU
	EndGlobalSection
	GlobalSection(ProjectConfigurationPlatforms) = postSolution
		{565FCD8F-5D2D-4C1C-8B81-75BBB9A32EE4}.Debug|Any CPU.ActiveCfg = Debug|Any CPU
		{565FCD8F-5D2D-4C1C-8B81-75BBB9A32EE4}.Debug|Any CPU.Build.0 = Debug|Any CPU
		{565FCD8F-5D2D-4C1C-8B81-75BBB9A32EE4}.Release|Any CPU.ActiveCfg = Release|Any CPU
		{565FCD8F-5D2D-4C1C-8B81-75BBB9A32EE4}.Release|Any CPU.Build.0 = Release|Any CPU
	EndGlobalSection
	GlobalSection(SolutionProperties) = preSolution
		HideSolutionNode = FALSE
	EndGlobalSection
	GlobalSection(ExtensibilityGlobals) = postSolution
		SolutionGuid = {D0D11668-26FD-47E3-9235-9BCC402C9724}
	EndGlobalSection
EndGlobal
